
Microsoft Visual Studio Solution File, Format Version 12.00
# Visual Studio Version 17
VisualStudioVersion = 17.13.35825.156 d17.13
MinimumVisualStudioVersion = 10.0.40219.1
Project("{FAE04EC0-301F-11D3-BF4B-00C04F79EFBC}") = "LegalContractApi", "LegalContractApi\LegalContractApi.csproj", "{6127FFE3-AD04-4118-BB00-EE0437FA2E93}"
EndProject
Project("{FAE04EC0-301F-11D3-BF4B-00C04F79EFBC}") = "LegalContractTests", "LegalContractTests\LegalContractTests.csproj", "{0C3E2494-53C5-4868-AE99-0D581BAF186C}"
EndProject
Global
	GlobalSection(SolutionConfigurationPlatforms) = preSolution
		Debug|Any CPU = Debug|Any CPU
		Release|Any CPU = Release|Any CPU
	EndGlobalSection
	GlobalSection(ProjectConfigurationPlatforms) = postSolution
		{6127FFE3-AD04-4118-BB00-EE0437FA2E93}.Debug|Any CPU.ActiveCfg = Debug|Any CPU
		{6127FFE3-AD04-4118-BB00-EE0437FA2E93}.Debug|Any CPU.Build.0 = Debug|Any CPU
		{6127FFE3-AD04-4118-BB00-EE0437FA2E93}.Release|Any CPU.ActiveCfg = Release|Any CPU
		{6127FFE3-AD04-4118-BB00-EE0437FA2E93}.Release|Any CPU.Build.0 = Release|Any CPU
		{0C3E2494-53C5-4868-AE99-0D581BAF186C}.Debug|Any CPU.ActiveCfg = Debug|Any CPU
		{0C3E2494-53C5-4868-AE99-0D581BAF186C}.Debug|Any CPU.Build.0 = Debug|Any CPU
		{0C3E2494-53C5-4868-AE99-0D581BAF186C}.Release|Any CPU.ActiveCfg = Release|Any CPU
		{0C3E2494-53C5-4868-AE99-0D581BAF186C}.Release|Any CPU.Build.0 = Release|Any CPU
	EndGlobalSection
	GlobalSection(SolutionProperties) = preSolution
		HideSolutionNode = FALSE
	EndGlobalSection
	GlobalSection(ExtensibilityGlobals) = postSolution
		SolutionGuid = {6DE04FB5-C33D-4E45-ABF8-7C4B1FA4DDC9}
	EndGlobalSection
EndGlobal
